
Microsoft Visual Studio Solution File, Format Version 12.00
# Visual Studio Version 17
VisualStudioVersion = 17.4.33403.182
MinimumVisualStudioVersion = 10.0.40219.1
Project("{FAE04EC0-301F-11D3-BF4B-00C04F79EFBC}") = "ConsoleUI", "ConsoleUI\ConsoleUI.csproj", "{1987B4F4-3357-4BFB-9E9E-0B90891EF886}"
EndProject
Global
	GlobalSection(SolutionConfigurationPlatforms) = preSolution
		Debug|Any CPU = Debug|Any CPU
		Release|Any CPU = Release|Any CPU
	EndGlobalSection
	GlobalSection(ProjectConfigurationPlatforms) = postSolution
		{1987B4F4-3357-4BFB-9E9E-0B90891EF886}.Debug|Any CPU.ActiveCfg = Debug|Any CPU
		{1987B4F4-3357-4BFB-9E9E-0B90891EF886}.Debug|Any CPU.Build.0 = Debug|Any CPU
		{1987B4F4-3357-4BFB-9E9E-0B90891EF886}.Release|Any CPU.ActiveCfg = Release|Any CPU
		{1987B4F4-3357-4BFB-9E9E-0B90891EF886}.Release|Any CPU.Build.0 = Release|Any CPU
	EndGlobalSection
	GlobalSection(SolutionProperties) = preSolution
		HideSolutionNode = FALSE
	EndGlobalSection
	GlobalSection(ExtensibilityGlobals) = postSolution
		SolutionGuid = {54095445-8327-4A51-89BE-E40530EF1414}
	EndGlobalSection
EndGlobal
